
Microsoft Visual Studio Solution File, Format Version 12.00
# Visual Studio Version 16
VisualStudioVersion = 16.0.30503.244
MinimumVisualStudioVersion = 10.0.40219.1
Project("{FAE04EC0-301F-11D3-BF4B-00C04F79EFBC}") = "SEDC.FoodApp.Web", "SEDC.FoodApp.Web\SEDC.FoodApp.Web.csproj", "{26055675-59D4-4E6D-AAD9-1EBD5FAF0C0F}"
EndProject
Project("{FAE04EC0-301F-11D3-BF4B-00C04F79EFBC}") = "SEDC.FoodApp.Services", "SEDC.FoodApp.Services\SEDC.FoodApp.Services.csproj", "{BB136035-5474-4486-8AFD-D68F3D3E43C5}"
EndProject
Project("{FAE04EC0-301F-11D3-BF4B-00C04F79EFBC}") = "SEDC.FoodApp.DataAccess", "SEDC.FoodApp.DataAccess\SEDC.FoodApp.DataAccess.csproj", "{9A549CC9-8A74-4B19-A619-921AB2AFFE9D}"
EndProject
Project("{FAE04EC0-301F-11D3-BF4B-00C04F79EFBC}") = "SEDC.FoodApp.DomainModels", "SEDC.FoodApp.DomainModels\SEDC.FoodApp.DomainModels.csproj", "{2762743E-7C51-4470-9BC8-DB9CC6B705AD}"
EndProject
Project("{FAE04EC0-301F-11D3-BF4B-00C04F79EFBC}") = "SEDC.FoodApp.RequestModels", "SEDC.FoodApp.RequestModels\SEDC.FoodApp.RequestModels.csproj", "{E15E9B02-D1C6-4492-847E-7CE313EE5B7C}"
EndProject
Global
	GlobalSection(SolutionConfigurationPlatforms) = preSolution
		Debug|Any CPU = Debug|Any CPU
		Release|Any CPU = Release|Any CPU
	EndGlobalSection
	GlobalSection(ProjectConfigurationPlatforms) = postSolution
		{26055675-59D4-4E6D-AAD9-1EBD5FAF0C0F}.Debug|Any CPU.ActiveCfg = Debug|Any CPU
		{26055675-59D4-4E6D-AAD9-1EBD5FAF0C0F}.Debug|Any CPU.Build.0 = Debug|Any CPU
		{26055675-59D4-4E6D-AAD9-1EBD5FAF0C0F}.Release|Any CPU.ActiveCfg = Release|Any CPU
		{26055675-59D4-4E6D-AAD9-1EBD5FAF0C0F}.Release|Any CPU.Build.0 = Release|Any CPU
		{BB136035-5474-4486-8AFD-D68F3D3E43C5}.Debug|Any CPU.ActiveCfg = Debug|Any CPU
		{BB136035-5474-4486-8AFD-D68F3D3E43C5}.Debug|Any CPU.Build.0 = Debug|Any CPU
		{BB136035-5474-4486-8AFD-D68F3D3E43C5}.Release|Any CPU.ActiveCfg = Release|Any CPU
		{BB136035-5474-4486-8AFD-D68F3D3E43C5}.Release|Any CPU.Build.0 = Release|Any CPU
		{9A549CC9-8A74-4B19-A619-921AB2AFFE9D}.Debug|Any CPU.ActiveCfg = Debug|Any CPU
		{9A549CC9-8A74-4B19-A619-921AB2AFFE9D}.Debug|Any CPU.Build.0 = Debug|Any CPU
		{9A549CC9-8A74-4B19-A619-921AB2AFFE9D}.Release|Any CPU.ActiveCfg = Release|Any CPU
		{9A549CC9-8A74-4B19-A619-921AB2AFFE9D}.Release|Any CPU.Build.0 = Release|Any CPU
		{2762743E-7C51-4470-9BC8-DB9CC6B705AD}.Debug|Any CPU.ActiveCfg = Debug|Any CPU
		{2762743E-7C51-4470-9BC8-DB9CC6B705AD}.Debug|Any CPU.Build.0 = Debug|Any CPU
		{2762743E-7C51-4470-9BC8-DB9CC6B705AD}.Release|Any CPU.ActiveCfg = Release|Any CPU
		{2762743E-7C51-4470-9BC8-DB9CC6B705AD}.Release|Any CPU.Build.0 = Release|Any CPU
		{E15E9B02-D1C6-4492-847E-7CE313EE5B7C}.Debug|Any CPU.ActiveCfg = Debug|Any CPU
		{E15E9B02-D1C6-4492-847E-7CE313EE5B7C}.Debug|Any CPU.Build.0 = Debug|Any CPU
		{E15E9B02-D1C6-4492-847E-7CE313EE5B7C}.Release|Any CPU.ActiveCfg = Release|Any CPU
		{E15E9B02-D1C6-4492-847E-7CE313EE5B7C}.Release|Any CPU.Build.0 = Release|Any CPU
	EndGlobalSection
	GlobalSection(SolutionProperties) = preSolution
		HideSolutionNode = FALSE
	EndGlobalSection
	GlobalSection(ExtensibilityGlobals) = postSolution
		SolutionGuid = {F2B00C18-BA2E-4D2F-B4ED-B62C0F9A92B3}
	EndGlobalSection
EndGlobal
